
Microsoft Visual Studio Solution File, Format Version 12.00
# Visual Studio Version 16
VisualStudioVersion = 16.0.29613.14
MinimumVisualStudioVersion = 10.0.40219.1
Project("{9A19103F-16F7-4668-BE54-9A1E7A4F7556}") = "Rap Finands", "Rap Finands.csproj", "{6E748E5E-5410-443A-88DF-52FB2490333C}"
EndProject
Global
	GlobalSection(SolutionConfigurationPlatforms) = preSolution
		Debug|Any CPU = Debug|Any CPU
		Release|Any CPU = Release|Any CPU
	EndGlobalSection
	GlobalSection(ProjectConfigurationPlatforms) = postSolution
		{6E748E5E-5410-443A-88DF-52FB2490333C}.Debug|Any CPU.ActiveCfg = Debug|Any CPU
		{6E748E5E-5410-443A-88DF-52FB2490333C}.Debug|Any CPU.Build.0 = Debug|Any CPU
		{6E748E5E-5410-443A-88DF-52FB2490333C}.Release|Any CPU.ActiveCfg = Release|Any CPU
		{6E748E5E-5410-443A-88DF-52FB2490333C}.Release|Any CPU.Build.0 = Release|Any CPU
	EndGlobalSection
	GlobalSection(SolutionProperties) = preSolution
		HideSolutionNode = FALSE
	EndGlobalSection
	GlobalSection(ExtensibilityGlobals) = postSolution
		SolutionGuid = {341EE682-D333-4197-B7B0-B1CE8DB353A4}
	EndGlobalSection
EndGlobal
